
Microsoft Visual Studio Solution File, Format Version 12.00
# Visual Studio 2012
Project("{8BC9CEB8-8B4A-11D0-8D11-00A0C91BC942}") = "TwoSillyEngine", "TwoSillyEngine\TwoSillyEngine.vcxproj", "{25C1DC62-0F6A-42BE-8F49-7B2DE841B770}"
EndProject
Global
	GlobalSection(SolutionConfigurationPlatforms) = preSolution
		Debug|Win32 = Debug|Win32
		Debug|x64 = Debug|x64
		Release|Win32 = Release|Win32
		Release|x64 = Release|x64
	EndGlobalSection
	GlobalSection(ProjectConfigurationPlatforms) = postSolution
		{25C1DC62-0F6A-42BE-8F49-7B2DE841B770}.Debug|Win32.ActiveCfg = Debug|Win32
		{25C1DC62-0F6A-42BE-8F49-7B2DE841B770}.Debug|Win32.Build.0 = Debug|Win32
		{25C1DC62-0F6A-42BE-8F49-7B2DE841B770}.Debug|x64.ActiveCfg = Debug|x64
		{25C1DC62-0F6A-42BE-8F49-7B2DE841B770}.Debug|x64.Build.0 = Debug|x64
		{25C1DC62-0F6A-42BE-8F49-7B2DE841B770}.Release|Win32.ActiveCfg = Release|Win32
		{25C1DC62-0F6A-42BE-8F49-7B2DE841B770}.Release|Win32.Build.0 = Release|Win32
		{25C1DC62-0F6A-42BE-8F49-7B2DE841B770}.Release|x64.ActiveCfg = Release|x64
		{25C1DC62-0F6A-42BE-8F49-7B2DE841B770}.Release|x64.Build.0 = Release|x64
	EndGlobalSection
	GlobalSection(SolutionProperties) = preSolution
		HideSolutionNode = FALSE
	EndGlobalSection
EndGlobal
